
Microsoft Visual Studio Solution File, Format Version 12.00
Project("{FAE04EC0-301F-11D3-BF4B-00C04F79EFBC}") = "FileDriveAPi", "FileDriveAPi\FileDriveAPi.csproj", "{0D4CE4CB-FBD6-44E1-9EC7-44ACE5726CBA}"
EndProject
Global
	GlobalSection(SolutionConfigurationPlatforms) = preSolution
		Debug|Any CPU = Debug|Any CPU
		Release|Any CPU = Release|Any CPU
	EndGlobalSection
	GlobalSection(ProjectConfigurationPlatforms) = postSolution
		{0D4CE4CB-FBD6-44E1-9EC7-44ACE5726CBA}.Debug|Any CPU.ActiveCfg = Debug|Any CPU
		{0D4CE4CB-FBD6-44E1-9EC7-44ACE5726CBA}.Debug|Any CPU.Build.0 = Debug|Any CPU
		{0D4CE4CB-FBD6-44E1-9EC7-44ACE5726CBA}.Release|Any CPU.ActiveCfg = Release|Any CPU
		{0D4CE4CB-FBD6-44E1-9EC7-44ACE5726CBA}.Release|Any CPU.Build.0 = Release|Any CPU
	EndGlobalSection
EndGlobal
